
Microsoft Visual Studio Solution File, Format Version 12.00
# Visual Studio Version 17
VisualStudioVersion = 17.2.32630.192
MinimumVisualStudioVersion = 15.0.26124.0
Project("{FAE04EC0-301F-11D3-BF4B-00C04F79EFBC}") = "WebApiServer", "WebApiServer\WebApiServer.csproj", "{186A8386-FCE8-4ED5-9CC1-1BAFFA6DFD8A}"
EndProject
Global
	GlobalSection(SolutionConfigurationPlatforms) = preSolution
		Debug|Any CPU = Debug|Any CPU
		Release|Any CPU = Release|Any CPU
	EndGlobalSection
	GlobalSection(ProjectConfigurationPlatforms) = postSolution
		{186A8386-FCE8-4ED5-9CC1-1BAFFA6DFD8A}.Debug|Any CPU.ActiveCfg = Debug|Any CPU
		{186A8386-FCE8-4ED5-9CC1-1BAFFA6DFD8A}.Debug|Any CPU.Build.0 = Debug|Any CPU
		{186A8386-FCE8-4ED5-9CC1-1BAFFA6DFD8A}.Release|Any CPU.ActiveCfg = Release|Any CPU
		{186A8386-FCE8-4ED5-9CC1-1BAFFA6DFD8A}.Release|Any CPU.Build.0 = Release|Any CPU
	EndGlobalSection
	GlobalSection(SolutionProperties) = preSolution
		HideSolutionNode = FALSE
	EndGlobalSection
	GlobalSection(ExtensibilityGlobals) = postSolution
		SolutionGuid = {869927C2-9026-42CA-998F-945A29CF7218}
	EndGlobalSection
EndGlobal
